
Microsoft Visual Studio Solution File, Format Version 12.00
# Visual Studio 15
VisualStudioVersion = 15.0.26730.12
MinimumVisualStudioVersion = 10.0.40219.1
Project("{FAE04EC0-301F-11D3-BF4B-00C04F79EFBC}") = "ECommerceTest", "ECommerceTest\ECommerceTest.csproj", "{0B05E414-4D25-436A-859B-33DDA30B2298}"
EndProject
Project("{FAE04EC0-301F-11D3-BF4B-00C04F79EFBC}") = "Core", "Core\Core.csproj", "{C38E75F9-629D-42D1-88EB-C28BAAFDE887}"
EndProject
Global
	GlobalSection(SolutionConfigurationPlatforms) = preSolution
		Debug|Any CPU = Debug|Any CPU
		Release|Any CPU = Release|Any CPU
	EndGlobalSection
	GlobalSection(ProjectConfigurationPlatforms) = postSolution
		{0B05E414-4D25-436A-859B-33DDA30B2298}.Debug|Any CPU.ActiveCfg = Debug|Any CPU
		{0B05E414-4D25-436A-859B-33DDA30B2298}.Debug|Any CPU.Build.0 = Debug|Any CPU
		{0B05E414-4D25-436A-859B-33DDA30B2298}.Release|Any CPU.ActiveCfg = Release|Any CPU
		{0B05E414-4D25-436A-859B-33DDA30B2298}.Release|Any CPU.Build.0 = Release|Any CPU
		{C38E75F9-629D-42D1-88EB-C28BAAFDE887}.Debug|Any CPU.ActiveCfg = Debug|Any CPU
		{C38E75F9-629D-42D1-88EB-C28BAAFDE887}.Debug|Any CPU.Build.0 = Debug|Any CPU
		{C38E75F9-629D-42D1-88EB-C28BAAFDE887}.Release|Any CPU.ActiveCfg = Release|Any CPU
		{C38E75F9-629D-42D1-88EB-C28BAAFDE887}.Release|Any CPU.Build.0 = Release|Any CPU
	EndGlobalSection
	GlobalSection(SolutionProperties) = preSolution
		HideSolutionNode = FALSE
	EndGlobalSection
	GlobalSection(ExtensibilityGlobals) = postSolution
		SolutionGuid = {99D754A4-534D-4567-B262-8301E9810C26}
	EndGlobalSection
EndGlobal
